{
  "name": "KLIN UP WEB APP",
  "lockfileVersion": 3,
  "requires": true,
  "packages": {
    "": {
      "devDependencies": {
        "@postgres-language-server/cli": "^0.25.7"
      }
    },
    "node_modules/@postgres-language-server/cli": {
      "version": "0.25.7",
      "resolved": "https://registry.npmjs.org/@postgres-language-server/cli/-/cli-0.25.7.tgz",
      "integrity": "sha512-Pch4eKKlPTVuc1iJ5ERkcq/Zse5lUOuqCqMaQtJGZyt2n+Tz6Raek/pxMCP+tQuAUOQh+gIEmJI//Me6GpxCBA==",
      "dev": true,
      "license": "MIT or Apache-2.0",
      "bin": {
        "postgres-language-server": "bin/postgres-language-server"
      },
      "engines": {
        "node": ">=20"
      },
      "optionalDependencies": {
        "@postgres-language-server/cli-aarch64-apple-darwin": "0.25.7",
        "@postgres-language-server/cli-aarch64-linux-gnu": "0.25.7",
        "@postgres-language-server/cli-aarch64-windows-msvc": "0.25.7",
        "@postgres-language-server/cli-x86_64-apple-darwin": "0.25.7",
        "@postgres-language-server/cli-x86_64-linux-gnu": "0.25.7",
        "@postgres-language-server/cli-x86_64-linux-musl": "0.25.7",
        "@postgres-language-server/cli-x86_64-windows-msvc": "0.25.7"
      }
    },
    "node_modules/@postgres-language-server/cli-aarch64-apple-darwin": {
      "version": "0.25.7",
      "resolved": "https://registry.npmjs.org/@postgres-language-server/cli-aarch64-apple-darwin/-/cli-aarch64-apple-darwin-0.25.7.tgz",
      "integrity": "sha512-AxZZoj99iWGvQQspHB/qO4TaiTZjmZlZuqcltIO8zu9fpm5HUyTcmM4i+eP0TI6MDyBnLUxs+qWB71Cn1REkbw==",
      "cpu": [
        "arm64"
      ],
      "dev": true,
      "license": "MIT or Apache-2.0",
      "optional": true,
      "os": [
        "darwin"
      ],
      "engines": {
        "node": ">=20"
      }
    },
    "node_modules/@postgres-language-server/cli-aarch64-linux-gnu": {
      "version": "0.25.7",
      "resolved": "https://registry.npmjs.org/@postgres-language-server/cli-aarch64-linux-gnu/-/cli-aarch64-linux-gnu-0.25.7.tgz",
      "integrity": "sha512-QpCa9+OQGuVpvGCgLLhfi1b+HLZBzAXpUIOJ1+4TPaO72Z4PYwjo3Hcmil16QQy0tGV7YWs5S8DUwg0bdb2YTA==",
      "cpu": [
        "arm64"
      ],
      "dev": true,
      "libc": "glibc",
      "license": "MIT or Apache-2.0",
      "optional": true,
      "os": [
        "linux"
      ],
      "engines": {
        "node": ">=20"
      }
    },
    "node_modules/@postgres-language-server/cli-aarch64-windows-msvc": {
      "version": "0.25.7",
      "resolved": "https://registry.npmjs.org/@postgres-language-server/cli-aarch64-windows-msvc/-/cli-aarch64-windows-msvc-0.25.7.tgz",
      "integrity": "sha512-bRIQPrSmo1iC8kQJ/R0PAUNWDBwiISHWfSSSUjur4vkgsB+TUqX7X9azgkGz4jx/XbtesIEep6rRY/hhlHaxwQ==",
      "cpu": [
        "arm64"
      ],
      "dev": true,
      "libc": "msvc",
      "license": "MIT or Apache-2.0",
      "optional": true,
      "os": [
        "win32"
      ],
      "engines": {
        "node": ">=20"
      }
    },
    "node_modules/@postgres-language-server/cli-x86_64-apple-darwin": {
      "version": "0.25.7",
      "resolved": "https://registry.npmjs.org/@postgres-language-server/cli-x86_64-apple-darwin/-/cli-x86_64-apple-darwin-0.25.7.tgz",
      "integrity": "sha512-N21FTnMPPtudNf+JJ0Hi/dcIk1BgH1w/LtGEA2djsvpn0r8q4VoubaKWF+Pk+2ILlID8hloWjUYv7cXpLcAM1w==",
      "cpu": [
        "x64"
      ],
      "dev": true,
      "license": "MIT or Apache-2.0",
      "optional": true,
      "os": [
        "darwin"
      ],
      "engines": {
        "node": ">=20"
      }
    },
    "node_modules/@postgres-language-server/cli-x86_64-linux-gnu": {
      "version": "0.25.7",
      "resolved": "https://registry.npmjs.org/@postgres-language-server/cli-x86_64-linux-gnu/-/cli-x86_64-linux-gnu-0.25.7.tgz",
      "integrity": "sha512-OL85SbNlXithZdjQ9jKAVigNM5Qc1h8IKn2uactqdaiiZr0ABK3nYgQo/d8tg8HtBpqvTaVXGYp+Pv2vZnRWWQ==",
      "cpu": [
        "x64"
      ],
      "dev": true,
      "libc": "glibc",
      "license": "MIT or Apache-2.0",
      "optional": true,
      "os": [
        "linux"
      ],
      "engines": {
        "node": ">=20"
      }
    },
    "node_modules/@postgres-language-server/cli-x86_64-linux-musl": {
      "version": "0.25.7",
      "resolved": "https://registry.npmjs.org/@postgres-language-server/cli-x86_64-linux-musl/-/cli-x86_64-linux-musl-0.25.7.tgz",
      "integrity": "sha512-/2ups/YO1wWwHoTPeJl8Lhuqtu0Fe1J2xDP1BfcdqZUIJGXZfPe/HEq21zEzGHWYPYVqyFhdjIwCU4LEKVp3Qw==",
      "cpu": [
        "x64"
      ],
      "dev": true,
      "libc": "musl",
      "license": "MIT or Apache-2.0",
      "optional": true,
      "os": [
        "linux"
      ],
      "engines": {
        "node": ">=20"
      }
    },
    "node_modules/@postgres-language-server/cli-x86_64-windows-msvc": {
      "version": "0.25.7",
      "resolved": "https://registry.npmjs.org/@postgres-language-server/cli-x86_64-windows-msvc/-/cli-x86_64-windows-msvc-0.25.7.tgz",
      "integrity": "sha512-RG3BtXJBe3hDxODP3Yein9dRzTcpyJq2nrXGpXwX1xAUThbTtW8pdLBviC0S3p73xLrzRUkktIPOiWfF9ubYsw==",
      "cpu": [
        "x64"
      ],
      "dev": true,
      "libc": "msvc",
      "license": "MIT or Apache-2.0",
      "optional": true,
      "os": [
        "win32"
      ],
      "engines": {
        "node": ">=20"
      }
    }
  }
}
